{
  "name": "@example/first-public-package",
  "version": "1.0.0",
  "lockfileVersion": 3,
  "requires": true,
  "packages": {
    "": {
      "name": "@example/first-public-package",
      "version": "1.0.0",
      "dependencies": {
        "@example/runtime": "^1.0.0"
      }
    },
    "../runtime": {
      "name": "@example/runtime",
      "version": "1.0.0"
    },
    "node_modules/@example/runtime": {
      "resolved": "../runtime",
      "link": true
    }
  }
}
